
Microsoft Visual Studio Solution File, Format Version 12.00
Project("{FAE04EC0-301F-11D3-BF4B-00C04F79EFBC}") = "Ovn4-GarageProject2", "Ovn4-GarageProject2\Ovn4-GarageProject2.csproj", "{612BD426-3C5F-47D4-90B2-CACCEA896B5A}"
EndProject
Global
	GlobalSection(SolutionConfigurationPlatforms) = preSolution
		Debug|Any CPU = Debug|Any CPU
		Release|Any CPU = Release|Any CPU
	EndGlobalSection
	GlobalSection(ProjectConfigurationPlatforms) = postSolution
		{612BD426-3C5F-47D4-90B2-CACCEA896B5A}.Debug|Any CPU.ActiveCfg = Debug|Any CPU
		{612BD426-3C5F-47D4-90B2-CACCEA896B5A}.Debug|Any CPU.Build.0 = Debug|Any CPU
		{612BD426-3C5F-47D4-90B2-CACCEA896B5A}.Release|Any CPU.ActiveCfg = Release|Any CPU
		{612BD426-3C5F-47D4-90B2-CACCEA896B5A}.Release|Any CPU.Build.0 = Release|Any CPU
	EndGlobalSection
EndGlobal
